// !$*UTF8*$!
{
	archiveVersion = 1;
	classes = {
	};
	objectVersion = 56;
	objects = {

/* Begin PBXBuildFile section */
		93B36C232C245A3A0081A50D /* SwiftCoreApp.swift in Sources */ = {isa = PBXBuildFile; fileRef = 93B36C222C245A3A0081A50D /* SwiftCoreApp.swift */; };
		93B36C272C245A3B0081A50D /* Assets.xcassets in Resources */ = {isa = PBXBuildFile; fileRef = 93B36C262C245A3B0081A50D /* Assets.xcassets */; };
		93B36C2A2C245A3B0081A50D /* Preview Assets.xcassets in Resources */ = {isa = PBXBuildFile; fileRef = 93B36C292C245A3B0081A50D /* Preview Assets.xcassets */; };
		93B36C322C245AC10081A50D /* StateAndBindingWrapper.swift in Sources */ = {isa = PBXBuildFile; fileRef = 93B36C312C245AC10081A50D /* StateAndBindingWrapper.swift */; };
		93B36C362C24672E0081A50D /* StateAndObservedObject.swift in Sources */ = {isa = PBXBuildFile; fileRef = 93B36C352C24672E0081A50D /* StateAndObservedObject.swift */; };
		93B36C382C2469590081A50D /* EnvironmentObject.swift in Sources */ = {isa = PBXBuildFile; fileRef = 93B36C372C2469590081A50D /* EnvironmentObject.swift */; };
/* End PBXBuildFile section */

/* Begin PBXFileReference section */
		93B36C1F2C245A3A0081A50D /* SwiftCore.app */ = {isa = PBXFileReference; explicitFileType = wrapper.application; includeInIndex = 0; path = SwiftCore.app; sourceTree = BUILT_PRODUCTS_DIR; };
		93B36C222C245A3A0081A50D /* SwiftCoreApp.swift */ = {isa = PBXFileReference; lastKnownFileType = sourcecode.swift; path = SwiftCoreApp.swift; sourceTree = "<group>"; };
		93B36C262C245A3B0081A50D /* Assets.xcassets */ = {isa = PBXFileReference; lastKnownFileType = folder.assetcatalog; path = Assets.xcassets; sourceTree = "<group>"; };
		93B36C292C245A3B0081A50D /* Preview Assets.xcassets */ = {isa = PBXFileReference; lastKnownFileType = folder.assetcatalog; path = "Preview Assets.xcassets"; sourceTree = "<group>"; };
		93B36C312C245AC10081A50D /* StateAndBindingWrapper.swift */ = {isa = PBXFileReference; lastKnownFileType = sourcecode.swift; path = StateAndBindingWrapper.swift; sourceTree = "<group>"; };
		93B36C352C24672E0081A50D /* StateAndObservedObject.swift */ = {isa = PBXFileReference; lastKnownFileType = sourcecode.swift; path = StateAndObservedObject.swift; sourceTree = "<group>"; };
		93B36C372C2469590081A50D /* EnvironmentObject.swift */ = {isa = PBXFileReference; lastKnownFileType = sourcecode.swift; path = EnvironmentObject.swift; sourceTree = "<group>"; };
/* End PBXFileReference section */

/* Begin PBXFrameworksBuildPhase section */
		93B36C1C2C245A3A0081A50D /* Frameworks */ = {
			isa = PBXFrameworksBuildPhase;
			buildActionMask = 2147483647;
			files = (
			);
			runOnlyForDeploymentPostprocessing = 0;
		};
/* End PBXFrameworksBuildPhase section */

/* Begin PBXGroup section */
		93B36C162C245A3A0081A50D = {
			isa = PBXGroup;
			children = (
				93B36C212C245A3A0081A50D /* SwiftCore */,
				93B36C202C245A3A0081A50D /* Products */,
			);
			sourceTree = "<group>";
		};
		93B36C202C245A3A0081A50D /* Products */ = {
			isa = PBXGroup;
			children = (
				93B36C1F2C245A3A0081A50D /* SwiftCore.app */,
			);
			name = Products;
			sourceTree = "<group>";
		};
		93B36C212C245A3A0081A50D /* SwiftCore */ = {
			isa = PBXGroup;
			children = (
				93B36C222C245A3A0081A50D /* SwiftCoreApp.swift */,
				93B36C302C245A9D0081A50D /* Property Wrappers */,
				93B36C262C245A3B0081A50D /* Assets.xcassets */,
				93B36C282C245A3B0081A50D /* Preview Content */,
			);
			path = SwiftCore;
			sourceTree = "<group>";
		};
		93B36C282C245A3B0081A50D /* Preview Content */ = {
			isa = PBXGroup;
			children = (
				93B36C292C245A3B0081A50D /* Preview Assets.xcassets */,
			);
			path = "Preview Content";
			sourceTree = "<group>";
		};
		93B36C302C245A9D0081A50D /* Property Wrappers */ = {
			isa = PBXGroup;
			children = (
				93B36C312C245AC10081A50D /* StateAndBindingWrapper.swift */,
				93B36C352C24672E0081A50D /* StateAndObservedObject.swift */,
				93B36C372C2469590081A50D /* EnvironmentObject.swift */,
			);
			path = "Property Wrappers";
			sourceTree = "<group>";
		};
/* End PBXGroup section */

/* Begin PBXNativeTarget section */
		93B36C1E2C245A3A0081A50D /* SwiftCore */ = {
			isa = PBXNativeTarget;
			buildConfigurationList = 93B36C2D2C245A3B0081A50D /* Build configuration list for PBXNativeTarget "SwiftCore" */;
			buildPhases = (
				93B36C1B2C245A3A0081A50D /* Sources */,
				93B36C1C2C245A3A0081A50D /* Frameworks */,
				93B36C1D2C245A3A0081A50D /* Resources */,
			);
			buildRules = (
			);
			dependencies = (
			);
			name = SwiftCore;
			productName = SwiftCore;
			productReference = 93B36C1F2C245A3A0081A50D /* SwiftCore.app */;
			productType = "com.apple.product-type.application";
		};
/* End PBXNativeTarget section */

/* Begin PBXProject section */
		93B36C172C245A3A0081A50D /* Project object */ = {
			isa = PBXProject;
			attributes = {
				BuildIndependentTargetsInParallel = 1;
				LastSwiftUpdateCheck = 1530;
				LastUpgradeCheck = 1530;
				TargetAttributes = {
					93B36C1E2C245A3A0081A50D = {
						CreatedOnToolsVersion = 15.3;
					};
				};
			};
			buildConfigurationList = 93B36C1A2C245A3A0081A50D /* Build configuration list for PBXProject "SwiftCore" */;
			compatibilityVersion = "Xcode 14.0";
			developmentRegion = en;
			hasScannedForEncodings = 0;
			knownRegions = (
				en,
				Base,
			);
			mainGroup = 93B36C162C245A3A0081A50D;
			productRefGroup = 93B36C202C245A3A0081A50D /* Products */;
			projectDirPath = "";
			projectRoot = "";
			targets = (
				93B36C1E2C245A3A0081A50D /* SwiftCore */,
			);
		};
/* End PBXProject section */

/* Begin PBXResourcesBuildPhase section */
		93B36C1D2C245A3A0081A50D /* Resources */ = {
			isa = PBXResourcesBuildPhase;
			buildActionMask = 2147483647;
			files = (
				93B36C2A2C245A3B0081A50D /* Preview Assets.xcassets in Resources */,
				93B36C272C245A3B0081A50D /* Assets.xcassets in Resources */,
			);
			runOnlyForDeploymentPostprocessing = 0;
		};
/* End PBXResourcesBuildPhase section */

/* Begin PBXSourcesBuildPhase section */
		93B36C1B2C245A3A0081A50D /* Sources */ = {
			isa = PBXSourcesBuildPhase;
			buildActionMask = 2147483647;
			files = (
				93B36C322C245AC10081A50D /* StateAndBindingWrapper.swift in Sources */,
				93B36C362C24672E0081A50D /* StateAndObservedObject.swift in Sources */,
				93B36C382C2469590081A50D /* EnvironmentObject.swift in Sources */,
				93B36C232C245A3A0081A50D /* SwiftCoreApp.swift in Sources */,
			);
			runOnlyForDeploymentPostprocessing = 0;
		};
/* End PBXSourcesBuildPhase section */

/* Begin XCBuildConfiguration section */
		93B36C2B2C245A3B0081A50D /* Debug */ = {
			isa = XCBuildConfiguration;
			buildSettings = {
				ALWAYS_SEARCH_USER_PATHS = NO;
				ASSETCATALOG_COMPILER_GENERATE_SWIFT_ASSET_SYMBOL_EXTENSIONS = YES;
				CLANG_ANALYZER_NONNULL = YES;
				CLANG_ANALYZER_NUMBER_OBJECT_CONVERSION = YES_AGGRESSIVE;
				CLANG_CXX_LANGUAGE_STANDARD = "gnu++20";
				CLANG_ENABLE_MODULES = YES;
				CLANG_ENABLE_OBJC_ARC = YES;
				CLANG_ENABLE_OBJC_WEAK = YES;
				CLANG_WARN_BLOCK_CAPTURE_AUTORELEASING = YES;
				CLANG_WARN_BOOL_CONVERSION = YES;
				CLANG_WARN_COMMA = YES;
				CLANG_WARN_CONSTANT_CONVERSION = YES;
				CLANG_WARN_DEPRECATED_OBJC_IMPLEMENTATIONS = YES;
				CLANG_WARN_DIRECT_OBJC_ISA_USAGE = YES_ERROR;
				CLANG_WARN_DOCUMENTATION_COMMENTS = YES;
				CLANG_WARN_EMPTY_BODY = YES;
				CLANG_WARN_ENUM_CONVERSION = YES;
				CLANG_WARN_INFINITE_RECURSION = YES;
				CLANG_WARN_INT_CONVERSION = YES;
				CLANG_WARN_NON_LITERAL_NULL_CONVERSION = YES;
				CLANG_WARN_OBJC_IMPLICIT_RETAIN_SELF = YES;
				CLANG_WARN_OBJC_LITERAL_CONVERSION = YES;
				CLANG_WARN_OBJC_ROOT_CLASS = YES_ERROR;
				CLANG_WARN_QUOTED_INCLUDE_IN_FRAMEWORK_HEADER = YES;
				CLANG_WARN_RANGE_LOOP_ANALYSIS = YES;
				CLANG_WARN_STRICT_PROTOTYPES = YES;
				CLANG_WARN_SUSPICIOUS_MOVE = YES;
				CLANG_WARN_UNGUARDED_AVAILABILITY = YES_AGGRESSIVE;
				CLANG_WARN_UNREACHABLE_CODE = YES;
				CLANG_WARN__DUPLICATE_METHOD_MATCH = YES;
				COPY_PHASE_STRIP = NO;
				DEBUG_INFORMATION_FORMAT = dwarf;
				ENABLE_STRICT_OBJC_MSGSEND = YES;
				ENABLE_TESTABILITY = YES;
				ENABLE_USER_SCRIPT_SANDBOXING = YES;
				GCC_C_LANGUAGE_STANDARD = gnu17;
				GCC_DYNAMIC_NO_PIC = NO;
				GCC_NO_COMMON_BLOCKS = YES;
				GCC_OPTIMIZATION_LEVEL = 0;
				GCC_PREPROCESSOR_DEFINITIONS = (
					"DEBUG=1",
					"$(inherited)",
				);
				GCC_WARN_64_TO_32_BIT_CONVERSION = YES;
				GCC_WARN_ABOUT_RETURN_TYPE = YES_ERROR;
				GCC_WARN_UNDECLARED_SELECTOR = YES;
				GCC_WARN_UNINITIALIZED_AUTOS = YES_AGGRESSIVE;
				GCC_WARN_UNUSED_FUNCTION = YES;
				GCC_WARN_UNUSED_VARIABLE = YES;
				IPHONEOS_DEPLOYMENT_TARGET = 17.4;
				LOCALIZATION_PREFERS_STRING_CATALOGS = YES;
				MTL_ENABLE_DEBUG_INFO = INCLUDE_SOURCE;
				MTL_FAST_MATH = YES;
				ONLY_ACTIVE_ARCH = YES;
				SDKROOT = iphoneos;
				SWIFT_ACTIVE_COMPILATION_CONDITIONS = "DEBUG $(inherited)";
				SWIFT_OPTIMIZATION_LEVEL = "-Onone";
			};
			name = Debug;
		};
		93B36C2C2C245A3B0081A50D /* Release */ = {
			isa = XCBuildConfiguration;
			buildSettings = {
				ALWAYS_SEARCH_USER_PATHS = NO;
				ASSETCATALOG_COMPILER_GENERATE_SWIFT_ASSET_SYMBOL_EXTENSIONS = YES;
				CLANG_ANALYZER_NONNULL = YES;
				CLANG_ANALYZER_NUMBER_OBJECT_CONVERSION = YES_AGGRESSIVE;
				CLANG_CXX_LANGUAGE_STANDARD = "gnu++20";
				CLANG_ENABLE_MODULES = YES;
				CLANG_ENABLE_OBJC_ARC = YES;
				CLANG_ENABLE_OBJC_WEAK = YES;
				CLANG_WARN_BLOCK_CAPTURE_AUTORELEASING = YES;
				CLANG_WARN_BOOL_CONVERSION = YES;
				CLANG_WARN_COMMA = YES;
				CLANG_WARN_CONSTANT_CONVERSION = YES;
				CLANG_WARN_DEPRECATED_OBJC_IMPLEMENTATIONS = YES;
				CLANG_WARN_DIRECT_OBJC_ISA_USAGE = YES_ERROR;
				CLANG_WARN_DOCUMENTATION_COMMENTS = YES;
				CLANG_WARN_EMPTY_BODY = YES;
				CLANG_WARN_ENUM_CONVERSION = YES;
				CLANG_WARN_INFINITE_RECURSION = YES;
				CLANG_WARN_INT_CONVERSION = YES;
				CLANG_WARN_NON_LITERAL_NULL_CONVERSION = YES;
				CLANG_WARN_OBJC_IMPLICIT_RETAIN_SELF = YES;
				CLANG_WARN_OBJC_LITERAL_CONVERSION = YES;
				CLANG_WARN_OBJC_ROOT_CLASS = YES_ERROR;
				CLANG_WARN_QUOTED_INCLUDE_IN_FRAMEWORK_HEADER = YES;
				CLANG_WARN_RANGE_LOOP_ANALYSIS = YES;
				CLANG_WARN_STRICT_PROTOTYPES = YES;
				CLANG_WARN_SUSPICIOUS_MOVE = YES;
				CLANG_WARN_UNGUARDED_AVAILABILITY = YES_AGGRESSIVE;
				CLANG_WARN_UNREACHABLE_CODE = YES;
				CLANG_WARN__DUPLICATE_METHOD_MATCH = YES;
				COPY_PHASE_STRIP = NO;
				DEBUG_INFORMATION_FORMAT = "dwarf-with-dsym";
				ENABLE_NS_ASSERTIONS = NO;
				ENABLE_STRICT_OBJC_MSGSEND = YES;
				ENABLE_USER_SCRIPT_SANDBOXING = YES;
				GCC_C_LANGUAGE_STANDARD = gnu17;
				GCC_NO_COMMON_BLOCKS = YES;
				GCC_WARN_64_TO_32_BIT_CONVERSION = YES;
				GCC_WARN_ABOUT_RETURN_TYPE = YES_ERROR;
				GCC_WARN_UNDECLARED_SELECTOR = YES;
				GCC_WARN_UNINITIALIZED_AUTOS = YES_AGGRESSIVE;
				GCC_WARN_UNUSED_FUNCTION = YES;
				GCC_WARN_UNUSED_VARIABLE = YES;
				IPHONEOS_DEPLOYMENT_TARGET = 17.4;
				LOCALIZATION_PREFERS_STRING_CATALOGS = YES;
				MTL_ENABLE_DEBUG_INFO = NO;
				MTL_FAST_MATH = YES;
				SDKROOT = iphoneos;
				SWIFT_COMPILATION_MODE = wholemodule;
				VALIDATE_PRODUCT = YES;
			};
			name = Release;
		};
		93B36C2E2C245A3B0081A50D /* Debug */ = {
			isa = XCBuildConfiguration;
			buildSettings = {
				ASSETCATALOG_COMPILER_APPICON_NAME = AppIcon;
				ASSETCATALOG_COMPILER_GLOBAL_ACCENT_COLOR_NAME = AccentColor;
				CODE_SIGN_STYLE = Automatic;
				CURRENT_PROJECT_VERSION = 1;
				DEVELOPMENT_ASSET_PATHS = "\"SwiftCore/Preview Content\"";
				ENABLE_PREVIEWS = YES;
				GENERATE_INFOPLIST_FILE = YES;
				INFOPLIST_KEY_UIApplicationSceneManifest_Generation = YES;
				INFOPLIST_KEY_UIApplicationSupportsIndirectInputEvents = YES;
				INFOPLIST_KEY_UILaunchScreen_Generation = YES;
				INFOPLIST_KEY_UISupportedInterfaceOrientations_iPad = "UIInterfaceOrientationPortrait UIInterfaceOrientationPortraitUpsideDown UIInterfaceOrientationLandscapeLeft UIInterfaceOrientationLandscapeRight";
				INFOPLIST_KEY_UISupportedInterfaceOrientations_iPhone = "UIInterfaceOrientationPortrait UIInterfaceOrientationLandscapeLeft UIInterfaceOrientationLandscapeRight";
				LD_RUNPATH_SEARCH_PATHS = (
					"$(inherited)",
					"@executable_path/Frameworks",
				);
				MARKETING_VERSION = 1.0;
				PRODUCT_BUNDLE_IDENTIFIER = "sportz-interactive.SwiftCore";
				PRODUCT_NAME = "$(TARGET_NAME)";
				SWIFT_EMIT_LOC_STRINGS = YES;
				SWIFT_VERSION = 5.0;
				TARGETED_DEVICE_FAMILY = "1,2";
			};
			name = Debug;
		};
		93B36C2F2C245A3B0081A50D /* Release */ = {
			isa = XCBuildConfiguration;
			buildSettings = {
				ASSETCATALOG_COMPILER_APPICON_NAME = AppIcon;
				ASSETCATALOG_COMPILER_GLOBAL_ACCENT_COLOR_NAME = AccentColor;
				CODE_SIGN_STYLE = Automatic;
				CURRENT_PROJECT_VERSION = 1;
				DEVELOPMENT_ASSET_PATHS = "\"SwiftCore/Preview Content\"";
				ENABLE_PREVIEWS = YES;
				GENERATE_INFOPLIST_FILE = YES;
				INFOPLIST_KEY_UIApplicationSceneManifest_Generation = YES;
				INFOPLIST_KEY_UIApplicationSupportsIndirectInputEvents = YES;
				INFOPLIST_KEY_UILaunchScreen_Generation = YES;
				INFOPLIST_KEY_UISupportedInterfaceOrientations_iPad = "UIInterfaceOrientationPortrait UIInterfaceOrientationPortraitUpsideDown UIInterfaceOrientationLandscapeLeft UIInterfaceOrientationLandscapeRight";
				INFOPLIST_KEY_UISupportedInterfaceOrientations_iPhone = "UIInterfaceOrientationPortrait UIInterfaceOrientationLandscapeLeft UIInterfaceOrientationLandscapeRight";
				LD_RUNPATH_SEARCH_PATHS = (
					"$(inherited)",
					"@executable_path/Frameworks",
				);
				MARKETING_VERSION = 1.0;
				PRODUCT_BUNDLE_IDENTIFIER = "sportz-interactive.SwiftCore";
				PRODUCT_NAME = "$(TARGET_NAME)";
				SWIFT_EMIT_LOC_STRINGS = YES;
				SWIFT_VERSION = 5.0;
				TARGETED_DEVICE_FAMILY = "1,2";
			};
			name = Release;
		};
/* End XCBuildConfiguration section */

/* Begin XCConfigurationList section */
		93B36C1A2C245A3A0081A50D /* Build configuration list for PBXProject "SwiftCore" */ = {
			isa = XCConfigurationList;
			buildConfigurations = (
				93B36C2B2C245A3B0081A50D /* Debug */,
				93B36C2C2C245A3B0081A50D /* Release */,
			);
			defaultConfigurationIsVisible = 0;
			defaultConfigurationName = Release;
		};
		93B36C2D2C245A3B0081A50D /* Build configuration list for PBXNativeTarget "SwiftCore" */ = {
			isa = XCConfigurationList;
			buildConfigurations = (
				93B36C2E2C245A3B0081A50D /* Debug */,
				93B36C2F2C245A3B0081A50D /* Release */,
			);
			defaultConfigurationIsVisible = 0;
			defaultConfigurationName = Release;
		};
/* End XCConfigurationList section */
	};
	rootObject = 93B36C172C245A3A0081A50D /* Project object */;
}
